
Microsoft Visual Studio Solution File, Format Version 12.00
# Visual Studio 2013
VisualStudioVersion = 12.0.31101.0
MinimumVisualStudioVersion = 10.0.40219.1
Project("{FAE04EC0-301F-11D3-BF4B-00C04F79EFBC}") = "MyUnicam", "MyUnicam\MyUnicam\MyUnicam.csproj", "{E9A4274E-3A6F-48AB-9E02-636D236B737A}"
EndProject
Project("{FAE04EC0-301F-11D3-BF4B-00C04F79EFBC}") = "MyUnicam.iOS", "MyUnicam\MyUnicam.iOS\MyUnicam.iOS.csproj", "{D2C21A64-DF56-41C7-808F-A3B86B80D68F}"
EndProject
Project("{FAE04EC0-301F-11D3-BF4B-00C04F79EFBC}") = "MyUnicam.Droid", "MyUnicam\MyUnicam.Droid\MyUnicam.Droid.csproj", "{5D5EBDD7-7A20-426D-94EE-CF54FE7CA810}"
EndProject
Project("{FAE04EC0-301F-11D3-BF4B-00C04F79EFBC}") = "MyUnicam.WinPhone", "MyUnicam\MyUnicam.WinPhone\MyUnicam.WinPhone.csproj", "{70C35F5A-633B-4D81-BB11-F654BCE90B09}"
EndProject
Global
	GlobalSection(SolutionConfigurationPlatforms) = preSolution
		Ad-Hoc|Any CPU = Ad-Hoc|Any CPU
		Ad-Hoc|ARM = Ad-Hoc|ARM
		Ad-Hoc|iPhone = Ad-Hoc|iPhone
		Ad-Hoc|iPhoneSimulator = Ad-Hoc|iPhoneSimulator
		Ad-Hoc|Mixed Platforms = Ad-Hoc|Mixed Platforms
		Ad-Hoc|x86 = Ad-Hoc|x86
		AppStore|Any CPU = AppStore|Any CPU
		AppStore|ARM = AppStore|ARM
		AppStore|iPhone = AppStore|iPhone
		AppStore|iPhoneSimulator = AppStore|iPhoneSimulator
		AppStore|Mixed Platforms = AppStore|Mixed Platforms
		AppStore|x86 = AppStore|x86
		Debug|Any CPU = Debug|Any CPU
		Debug|ARM = Debug|ARM
		Debug|iPhone = Debug|iPhone
		Debug|iPhoneSimulator = Debug|iPhoneSimulator
		Debug|Mixed Platforms = Debug|Mixed Platforms
		Debug|x86 = Debug|x86
		Release|Any CPU = Release|Any CPU
		Release|ARM = Release|ARM
		Release|iPhone = Release|iPhone
		Release|iPhoneSimulator = Release|iPhoneSimulator
		Release|Mixed Platforms = Release|Mixed Platforms
		Release|x86 = Release|x86
	EndGlobalSection
	GlobalSection(ProjectConfigurationPlatforms) = postSolution
		{E9A4274E-3A6F-48AB-9E02-636D236B737A}.Ad-Hoc|Any CPU.ActiveCfg = Release|Any CPU
		{E9A4274E-3A6F-48AB-9E02-636D236B737A}.Ad-Hoc|Any CPU.Build.0 = Release|Any CPU
		{E9A4274E-3A6F-48AB-9E02-636D236B737A}.Ad-Hoc|ARM.ActiveCfg = Release|Any CPU
		{E9A4274E-3A6F-48AB-9E02-636D236B737A}.Ad-Hoc|iPhone.ActiveCfg = Release|Any CPU
		{E9A4274E-3A6F-48AB-9E02-636D236B737A}.Ad-Hoc|iPhoneSimulator.ActiveCfg = Release|Any CPU
		{E9A4274E-3A6F-48AB-9E02-636D236B737A}.Ad-Hoc|Mixed Platforms.ActiveCfg = Release|Any CPU
		{E9A4274E-3A6F-48AB-9E02-636D236B737A}.Ad-Hoc|Mixed Platforms.Build.0 = Release|Any CPU
		{E9A4274E-3A6F-48AB-9E02-636D236B737A}.Ad-Hoc|x86.ActiveCfg = Release|Any CPU
		{E9A4274E-3A6F-48AB-9E02-636D236B737A}.AppStore|Any CPU.ActiveCfg = Release|Any CPU
		{E9A4274E-3A6F-48AB-9E02-636D236B737A}.AppStore|Any CPU.Build.0 = Release|Any CPU
		{E9A4274E-3A6F-48AB-9E02-636D236B737A}.AppStore|ARM.ActiveCfg = Release|Any CPU
		{E9A4274E-3A6F-48AB-9E02-636D236B737A}.AppStore|iPhone.ActiveCfg = Release|Any CPU
		{E9A4274E-3A6F-48AB-9E02-636D236B737A}.AppStore|iPhoneSimulator.ActiveCfg = Release|Any CPU
		{E9A4274E-3A6F-48AB-9E02-636D236B737A}.AppStore|Mixed Platforms.ActiveCfg = Release|Any CPU
		{E9A4274E-3A6F-48AB-9E02-636D236B737A}.AppStore|Mixed Platforms.Build.0 = Release|Any CPU
		{E9A4274E-3A6F-48AB-9E02-636D236B737A}.AppStore|x86.ActiveCfg = Release|Any CPU
		{E9A4274E-3A6F-48AB-9E02-636D236B737A}.Debug|Any CPU.ActiveCfg = Debug|Any CPU
		{E9A4274E-3A6F-48AB-9E02-636D236B737A}.Debug|Any CPU.Build.0 = Debug|Any CPU
		{E9A4274E-3A6F-48AB-9E02-636D236B737A}.Debug|ARM.ActiveCfg = Debug|Any CPU
		{E9A4274E-3A6F-48AB-9E02-636D236B737A}.Debug|ARM.Build.0 = Debug|Any CPU
		{E9A4274E-3A6F-48AB-9E02-636D236B737A}.Debug|iPhone.ActiveCfg = Debug|Any CPU
		{E9A4274E-3A6F-48AB-9E02-636D236B737A}.Debug|iPhoneSimulator.ActiveCfg = Debug|Any CPU
		{E9A4274E-3A6F-48AB-9E02-636D236B737A}.Debug|Mixed Platforms.ActiveCfg = Debug|Any CPU
		{E9A4274E-3A6F-48AB-9E02-636D236B737A}.Debug|Mixed Platforms.Build.0 = Debug|Any CPU
		{E9A4274E-3A6F-48AB-9E02-636D236B737A}.Debug|x86.ActiveCfg = Debug|Any CPU
		{E9A4274E-3A6F-48AB-9E02-636D236B737A}.Debug|x86.Build.0 = Debug|Any CPU
		{E9A4274E-3A6F-48AB-9E02-636D236B737A}.Release|Any CPU.ActiveCfg = Release|Any CPU
		{E9A4274E-3A6F-48AB-9E02-636D236B737A}.Release|Any CPU.Build.0 = Release|Any CPU
		{E9A4274E-3A6F-48AB-9E02-636D236B737A}.Release|ARM.ActiveCfg = Release|Any CPU
		{E9A4274E-3A6F-48AB-9E02-636D236B737A}.Release|iPhone.ActiveCfg = Release|Any CPU
		{E9A4274E-3A6F-48AB-9E02-636D236B737A}.Release|iPhoneSimulator.ActiveCfg = Release|Any CPU
		{E9A4274E-3A6F-48AB-9E02-636D236B737A}.Release|Mixed Platforms.ActiveCfg = Release|Any CPU
		{E9A4274E-3A6F-48AB-9E02-636D236B737A}.Release|Mixed Platforms.Build.0 = Release|Any CPU
		{E9A4274E-3A6F-48AB-9E02-636D236B737A}.Release|x86.ActiveCfg = Release|Any CPU
		{D2C21A64-DF56-41C7-808F-A3B86B80D68F}.Ad-Hoc|Any CPU.ActiveCfg = Ad-Hoc|iPhone
		{D2C21A64-DF56-41C7-808F-A3B86B80D68F}.Ad-Hoc|ARM.ActiveCfg = Ad-Hoc|iPhone
		{D2C21A64-DF56-41C7-808F-A3B86B80D68F}.Ad-Hoc|iPhone.ActiveCfg = Ad-Hoc|iPhone
		{D2C21A64-DF56-41C7-808F-A3B86B80D68F}.Ad-Hoc|iPhone.Build.0 = Ad-Hoc|iPhone
		{D2C21A64-DF56-41C7-808F-A3B86B80D68F}.Ad-Hoc|iPhoneSimulator.ActiveCfg = Ad-Hoc|iPhoneSimulator
		{D2C21A64-DF56-41C7-808F-A3B86B80D68F}.Ad-Hoc|iPhoneSimulator.Build.0 = Ad-Hoc|iPhoneSimulator
		{D2C21A64-DF56-41C7-808F-A3B86B80D68F}.Ad-Hoc|Mixed Platforms.ActiveCfg = Ad-Hoc|iPhone
		{D2C21A64-DF56-41C7-808F-A3B86B80D68F}.Ad-Hoc|Mixed Platforms.Build.0 = Ad-Hoc|iPhone
		{D2C21A64-DF56-41C7-808F-A3B86B80D68F}.Ad-Hoc|x86.ActiveCfg = Ad-Hoc|iPhone
		{D2C21A64-DF56-41C7-808F-A3B86B80D68F}.AppStore|Any CPU.ActiveCfg = AppStore|iPhone
		{D2C21A64-DF56-41C7-808F-A3B86B80D68F}.AppStore|ARM.ActiveCfg = AppStore|iPhone
		{D2C21A64-DF56-41C7-808F-A3B86B80D68F}.AppStore|iPhone.ActiveCfg = AppStore|iPhone
		{D2C21A64-DF56-41C7-808F-A3B86B80D68F}.AppStore|iPhone.Build.0 = AppStore|iPhone
		{D2C21A64-DF56-41C7-808F-A3B86B80D68F}.AppStore|iPhoneSimulator.ActiveCfg = AppStore|iPhoneSimulator
		{D2C21A64-DF56-41C7-808F-A3B86B80D68F}.AppStore|iPhoneSimulator.Build.0 = AppStore|iPhoneSimulator
		{D2C21A64-DF56-41C7-808F-A3B86B80D68F}.AppStore|Mixed Platforms.ActiveCfg = AppStore|iPhone
		{D2C21A64-DF56-41C7-808F-A3B86B80D68F}.AppStore|Mixed Platforms.Build.0 = AppStore|iPhone
		{D2C21A64-DF56-41C7-808F-A3B86B80D68F}.AppStore|x86.ActiveCfg = AppStore|iPhone
		{D2C21A64-DF56-41C7-808F-A3B86B80D68F}.Debug|Any CPU.ActiveCfg = Debug|iPhone
		{D2C21A64-DF56-41C7-808F-A3B86B80D68F}.Debug|ARM.ActiveCfg = Debug|iPhone
		{D2C21A64-DF56-41C7-808F-A3B86B80D68F}.Debug|iPhone.ActiveCfg = Debug|iPhone
		{D2C21A64-DF56-41C7-808F-A3B86B80D68F}.Debug|iPhone.Build.0 = Debug|iPhone
		{D2C21A64-DF56-41C7-808F-A3B86B80D68F}.Debug|iPhoneSimulator.ActiveCfg = Debug|iPhoneSimulator
		{D2C21A64-DF56-41C7-808F-A3B86B80D68F}.Debug|iPhoneSimulator.Build.0 = Debug|iPhoneSimulator
		{D2C21A64-DF56-41C7-808F-A3B86B80D68F}.Debug|Mixed Platforms.ActiveCfg = Debug|iPhone
		{D2C21A64-DF56-41C7-808F-A3B86B80D68F}.Debug|Mixed Platforms.Build.0 = Debug|iPhone
		{D2C21A64-DF56-41C7-808F-A3B86B80D68F}.Debug|x86.ActiveCfg = Debug|iPhone
		{D2C21A64-DF56-41C7-808F-A3B86B80D68F}.Release|Any CPU.ActiveCfg = Release|iPhone
		{D2C21A64-DF56-41C7-808F-A3B86B80D68F}.Release|ARM.ActiveCfg = Release|iPhone
		{D2C21A64-DF56-41C7-808F-A3B86B80D68F}.Release|iPhone.ActiveCfg = Release|iPhone
		{D2C21A64-DF56-41C7-808F-A3B86B80D68F}.Release|iPhone.Build.0 = Release|iPhone
		{D2C21A64-DF56-41C7-808F-A3B86B80D68F}.Release|iPhoneSimulator.ActiveCfg = Release|iPhoneSimulator
		{D2C21A64-DF56-41C7-808F-A3B86B80D68F}.Release|iPhoneSimulator.Build.0 = Release|iPhoneSimulator
		{D2C21A64-DF56-41C7-808F-A3B86B80D68F}.Release|Mixed Platforms.ActiveCfg = Release|iPhone
		{D2C21A64-DF56-41C7-808F-A3B86B80D68F}.Release|Mixed Platforms.Build.0 = Release|iPhone
		{D2C21A64-DF56-41C7-808F-A3B86B80D68F}.Release|x86.ActiveCfg = Release|iPhone
		{5D5EBDD7-7A20-426D-94EE-CF54FE7CA810}.Ad-Hoc|Any CPU.ActiveCfg = Release|Any CPU
		{5D5EBDD7-7A20-426D-94EE-CF54FE7CA810}.Ad-Hoc|Any CPU.Build.0 = Release|Any CPU
		{5D5EBDD7-7A20-426D-94EE-CF54FE7CA810}.Ad-Hoc|Any CPU.Deploy.0 = Release|Any CPU
		{5D5EBDD7-7A20-426D-94EE-CF54FE7CA810}.Ad-Hoc|ARM.ActiveCfg = Release|Any CPU
		{5D5EBDD7-7A20-426D-94EE-CF54FE7CA810}.Ad-Hoc|iPhone.ActiveCfg = Release|Any CPU
		{5D5EBDD7-7A20-426D-94EE-CF54FE7CA810}.Ad-Hoc|iPhoneSimulator.ActiveCfg = Release|Any CPU
		{5D5EBDD7-7A20-426D-94EE-CF54FE7CA810}.Ad-Hoc|Mixed Platforms.ActiveCfg = Release|Any CPU
		{5D5EBDD7-7A20-426D-94EE-CF54FE7CA810}.Ad-Hoc|Mixed Platforms.Build.0 = Release|Any CPU
		{5D5EBDD7-7A20-426D-94EE-CF54FE7CA810}.Ad-Hoc|Mixed Platforms.Deploy.0 = Release|Any CPU
		{5D5EBDD7-7A20-426D-94EE-CF54FE7CA810}.Ad-Hoc|x86.ActiveCfg = Release|Any CPU
		{5D5EBDD7-7A20-426D-94EE-CF54FE7CA810}.AppStore|Any CPU.ActiveCfg = Release|Any CPU
		{5D5EBDD7-7A20-426D-94EE-CF54FE7CA810}.AppStore|Any CPU.Build.0 = Release|Any CPU
		{5D5EBDD7-7A20-426D-94EE-CF54FE7CA810}.AppStore|Any CPU.Deploy.0 = Release|Any CPU
		{5D5EBDD7-7A20-426D-94EE-CF54FE7CA810}.AppStore|ARM.ActiveCfg = Release|Any CPU
		{5D5EBDD7-7A20-426D-94EE-CF54FE7CA810}.AppStore|iPhone.ActiveCfg = Release|Any CPU
		{5D5EBDD7-7A20-426D-94EE-CF54FE7CA810}.AppStore|iPhoneSimulator.ActiveCfg = Release|Any CPU
		{5D5EBDD7-7A20-426D-94EE-CF54FE7CA810}.AppStore|Mixed Platforms.ActiveCfg = Release|Any CPU
		{5D5EBDD7-7A20-426D-94EE-CF54FE7CA810}.AppStore|Mixed Platforms.Build.0 = Release|Any CPU
		{5D5EBDD7-7A20-426D-94EE-CF54FE7CA810}.AppStore|Mixed Platforms.Deploy.0 = Release|Any CPU
		{5D5EBDD7-7A20-426D-94EE-CF54FE7CA810}.AppStore|x86.ActiveCfg = Release|Any CPU
		{5D5EBDD7-7A20-426D-94EE-CF54FE7CA810}.Debug|Any CPU.ActiveCfg = Debug|Any CPU
		{5D5EBDD7-7A20-426D-94EE-CF54FE7CA810}.Debug|Any CPU.Build.0 = Debug|Any CPU
		{5D5EBDD7-7A20-426D-94EE-CF54FE7CA810}.Debug|Any CPU.Deploy.0 = Debug|Any CPU
		{5D5EBDD7-7A20-426D-94EE-CF54FE7CA810}.Debug|ARM.ActiveCfg = Debug|Any CPU
		{5D5EBDD7-7A20-426D-94EE-CF54FE7CA810}.Debug|ARM.Build.0 = Debug|Any CPU
		{5D5EBDD7-7A20-426D-94EE-CF54FE7CA810}.Debug|ARM.Deploy.0 = Debug|Any CPU
		{5D5EBDD7-7A20-426D-94EE-CF54FE7CA810}.Debug|iPhone.ActiveCfg = Debug|Any CPU
		{5D5EBDD7-7A20-426D-94EE-CF54FE7CA810}.Debug|iPhoneSimulator.ActiveCfg = Debug|Any CPU
		{5D5EBDD7-7A20-426D-94EE-CF54FE7CA810}.Debug|Mixed Platforms.ActiveCfg = Debug|Any CPU
		{5D5EBDD7-7A20-426D-94EE-CF54FE7CA810}.Debug|Mixed Platforms.Build.0 = Debug|Any CPU
		{5D5EBDD7-7A20-426D-94EE-CF54FE7CA810}.Debug|Mixed Platforms.Deploy.0 = Debug|Any CPU
		{5D5EBDD7-7A20-426D-94EE-CF54FE7CA810}.Debug|x86.ActiveCfg = Debug|Any CPU
		{5D5EBDD7-7A20-426D-94EE-CF54FE7CA810}.Debug|x86.Deploy.0 = Debug|Any CPU
		{5D5EBDD7-7A20-426D-94EE-CF54FE7CA810}.Release|Any CPU.ActiveCfg = Release|Any CPU
		{5D5EBDD7-7A20-426D-94EE-CF54FE7CA810}.Release|Any CPU.Build.0 = Release|Any CPU
		{5D5EBDD7-7A20-426D-94EE-CF54FE7CA810}.Release|Any CPU.Deploy.0 = Release|Any CPU
		{5D5EBDD7-7A20-426D-94EE-CF54FE7CA810}.Release|ARM.ActiveCfg = Release|Any CPU
		{5D5EBDD7-7A20-426D-94EE-CF54FE7CA810}.Release|iPhone.ActiveCfg = Release|Any CPU
		{5D5EBDD7-7A20-426D-94EE-CF54FE7CA810}.Release|iPhoneSimulator.ActiveCfg = Release|Any CPU
		{5D5EBDD7-7A20-426D-94EE-CF54FE7CA810}.Release|Mixed Platforms.ActiveCfg = Release|Any CPU
		{5D5EBDD7-7A20-426D-94EE-CF54FE7CA810}.Release|Mixed Platforms.Build.0 = Release|Any CPU
		{5D5EBDD7-7A20-426D-94EE-CF54FE7CA810}.Release|Mixed Platforms.Deploy.0 = Release|Any CPU
		{5D5EBDD7-7A20-426D-94EE-CF54FE7CA810}.Release|x86.ActiveCfg = Release|Any CPU
		{70C35F5A-633B-4D81-BB11-F654BCE90B09}.Ad-Hoc|Any CPU.ActiveCfg = Release|Any CPU
		{70C35F5A-633B-4D81-BB11-F654BCE90B09}.Ad-Hoc|Any CPU.Build.0 = Release|Any CPU
		{70C35F5A-633B-4D81-BB11-F654BCE90B09}.Ad-Hoc|Any CPU.Deploy.0 = Release|Any CPU
		{70C35F5A-633B-4D81-BB11-F654BCE90B09}.Ad-Hoc|ARM.ActiveCfg = Release|ARM
		{70C35F5A-633B-4D81-BB11-F654BCE90B09}.Ad-Hoc|ARM.Build.0 = Release|ARM
		{70C35F5A-633B-4D81-BB11-F654BCE90B09}.Ad-Hoc|ARM.Deploy.0 = Release|ARM
		{70C35F5A-633B-4D81-BB11-F654BCE90B09}.Ad-Hoc|iPhone.ActiveCfg = Release|Any CPU
		{70C35F5A-633B-4D81-BB11-F654BCE90B09}.Ad-Hoc|iPhoneSimulator.ActiveCfg = Release|Any CPU
		{70C35F5A-633B-4D81-BB11-F654BCE90B09}.Ad-Hoc|Mixed Platforms.ActiveCfg = Release|x86
		{70C35F5A-633B-4D81-BB11-F654BCE90B09}.Ad-Hoc|Mixed Platforms.Build.0 = Release|x86
		{70C35F5A-633B-4D81-BB11-F654BCE90B09}.Ad-Hoc|Mixed Platforms.Deploy.0 = Release|x86
		{70C35F5A-633B-4D81-BB11-F654BCE90B09}.Ad-Hoc|x86.ActiveCfg = Release|x86
		{70C35F5A-633B-4D81-BB11-F654BCE90B09}.Ad-Hoc|x86.Build.0 = Release|x86
		{70C35F5A-633B-4D81-BB11-F654BCE90B09}.Ad-Hoc|x86.Deploy.0 = Release|x86
		{70C35F5A-633B-4D81-BB11-F654BCE90B09}.AppStore|Any CPU.ActiveCfg = Release|Any CPU
		{70C35F5A-633B-4D81-BB11-F654BCE90B09}.AppStore|Any CPU.Build.0 = Release|Any CPU
		{70C35F5A-633B-4D81-BB11-F654BCE90B09}.AppStore|Any CPU.Deploy.0 = Release|Any CPU
		{70C35F5A-633B-4D81-BB11-F654BCE90B09}.AppStore|ARM.ActiveCfg = Release|ARM
		{70C35F5A-633B-4D81-BB11-F654BCE90B09}.AppStore|ARM.Build.0 = Release|ARM
		{70C35F5A-633B-4D81-BB11-F654BCE90B09}.AppStore|ARM.Deploy.0 = Release|ARM
		{70C35F5A-633B-4D81-BB11-F654BCE90B09}.AppStore|iPhone.ActiveCfg = Release|Any CPU
		{70C35F5A-633B-4D81-BB11-F654BCE90B09}.AppStore|iPhoneSimulator.ActiveCfg = Release|Any CPU
		{70C35F5A-633B-4D81-BB11-F654BCE90B09}.AppStore|Mixed Platforms.ActiveCfg = Release|x86
		{70C35F5A-633B-4D81-BB11-F654BCE90B09}.AppStore|Mixed Platforms.Build.0 = Release|x86
		{70C35F5A-633B-4D81-BB11-F654BCE90B09}.AppStore|Mixed Platforms.Deploy.0 = Release|x86
		{70C35F5A-633B-4D81-BB11-F654BCE90B09}.AppStore|x86.ActiveCfg = Release|x86
		{70C35F5A-633B-4D81-BB11-F654BCE90B09}.AppStore|x86.Build.0 = Release|x86
		{70C35F5A-633B-4D81-BB11-F654BCE90B09}.AppStore|x86.Deploy.0 = Release|x86
		{70C35F5A-633B-4D81-BB11-F654BCE90B09}.Debug|Any CPU.ActiveCfg = Debug|Any CPU
		{70C35F5A-633B-4D81-BB11-F654BCE90B09}.Debug|Any CPU.Build.0 = Debug|Any CPU
		{70C35F5A-633B-4D81-BB11-F654BCE90B09}.Debug|Any CPU.Deploy.0 = Debug|Any CPU
		{70C35F5A-633B-4D81-BB11-F654BCE90B09}.Debug|ARM.ActiveCfg = Debug|x86
		{70C35F5A-633B-4D81-BB11-F654BCE90B09}.Debug|ARM.Build.0 = Debug|x86
		{70C35F5A-633B-4D81-BB11-F654BCE90B09}.Debug|ARM.Deploy.0 = Debug|x86
		{70C35F5A-633B-4D81-BB11-F654BCE90B09}.Debug|iPhone.ActiveCfg = Debug|Any CPU
		{70C35F5A-633B-4D81-BB11-F654BCE90B09}.Debug|iPhoneSimulator.ActiveCfg = Debug|Any CPU
		{70C35F5A-633B-4D81-BB11-F654BCE90B09}.Debug|Mixed Platforms.ActiveCfg = Debug|x86
		{70C35F5A-633B-4D81-BB11-F654BCE90B09}.Debug|Mixed Platforms.Build.0 = Debug|x86
		{70C35F5A-633B-4D81-BB11-F654BCE90B09}.Debug|Mixed Platforms.Deploy.0 = Debug|x86
		{70C35F5A-633B-4D81-BB11-F654BCE90B09}.Debug|x86.ActiveCfg = Debug|x86
		{70C35F5A-633B-4D81-BB11-F654BCE90B09}.Debug|x86.Build.0 = Debug|x86
		{70C35F5A-633B-4D81-BB11-F654BCE90B09}.Debug|x86.Deploy.0 = Debug|x86
		{70C35F5A-633B-4D81-BB11-F654BCE90B09}.Release|Any CPU.ActiveCfg = Release|Any CPU
		{70C35F5A-633B-4D81-BB11-F654BCE90B09}.Release|Any CPU.Build.0 = Release|Any CPU
		{70C35F5A-633B-4D81-BB11-F654BCE90B09}.Release|Any CPU.Deploy.0 = Release|Any CPU
		{70C35F5A-633B-4D81-BB11-F654BCE90B09}.Release|ARM.ActiveCfg = Release|ARM
		{70C35F5A-633B-4D81-BB11-F654BCE90B09}.Release|ARM.Build.0 = Release|ARM
		{70C35F5A-633B-4D81-BB11-F654BCE90B09}.Release|ARM.Deploy.0 = Release|ARM
		{70C35F5A-633B-4D81-BB11-F654BCE90B09}.Release|iPhone.ActiveCfg = Release|Any CPU
		{70C35F5A-633B-4D81-BB11-F654BCE90B09}.Release|iPhoneSimulator.ActiveCfg = Release|Any CPU
		{70C35F5A-633B-4D81-BB11-F654BCE90B09}.Release|Mixed Platforms.ActiveCfg = Release|x86
		{70C35F5A-633B-4D81-BB11-F654BCE90B09}.Release|Mixed Platforms.Build.0 = Release|x86
		{70C35F5A-633B-4D81-BB11-F654BCE90B09}.Release|Mixed Platforms.Deploy.0 = Release|x86
		{70C35F5A-633B-4D81-BB11-F654BCE90B09}.Release|x86.ActiveCfg = Release|x86
		{70C35F5A-633B-4D81-BB11-F654BCE90B09}.Release|x86.Build.0 = Release|x86
		{70C35F5A-633B-4D81-BB11-F654BCE90B09}.Release|x86.Deploy.0 = Release|x86
	EndGlobalSection
	GlobalSection(SolutionProperties) = preSolution
		HideSolutionNode = FALSE
	EndGlobalSection
EndGlobal
